// !$*UTF8*$!
{
	archiveVersion = 1;
	classes = {
	};
	objectVersion = 55;
	objects = {

/* Begin PBXBuildFile section */
		64747BE377FB13E86B46FC4B /* Pods_Stock_Tickers.framework in Frameworks */ = {isa = PBXBuildFile; fileRef = 197564733D1C962099872727 /* Pods_Stock_Tickers.framework */; };
		E043721F286C45A700B3A233 /* AppDelegate.swift in Sources */ = {isa = PBXBuildFile; fileRef = E043721E286C45A700B3A233 /* AppDelegate.swift */; };
		E0437221286C45A700B3A233 /* SceneDelegate.swift in Sources */ = {isa = PBXBuildFile; fileRef = E0437220286C45A700B3A233 /* SceneDelegate.swift */; };
		E0437228286C45A900B3A233 /* Assets.xcassets in Resources */ = {isa = PBXBuildFile; fileRef = E0437227286C45A900B3A233 /* Assets.xcassets */; };
		E043722B286C45A900B3A233 /* LaunchScreen.storyboard in Resources */ = {isa = PBXBuildFile; fileRef = E0437229286C45A900B3A233 /* LaunchScreen.storyboard */; };
		E043723E286C47A200B3A233 /* HeaderInterceptor.swift in Sources */ = {isa = PBXBuildFile; fileRef = E043723B286C47A200B3A233 /* HeaderInterceptor.swift */; };
		E043723F286C47A200B3A233 /* APIRouter.swift in Sources */ = {isa = PBXBuildFile; fileRef = E043723C286C47A200B3A233 /* APIRouter.swift */; };
		E0437240286C47A200B3A233 /* BaseService.swift in Sources */ = {isa = PBXBuildFile; fileRef = E043723D286C47A200B3A233 /* BaseService.swift */; };
		E0437246286C47DC00B3A233 /* NetworkManager.swift in Sources */ = {isa = PBXBuildFile; fileRef = E0437245286C47DC00B3A233 /* NetworkManager.swift */; };
		E0437266286C498F00B3A233 /* URLQueryItemExtension.swift in Sources */ = {isa = PBXBuildFile; fileRef = E043724D286C498F00B3A233 /* URLQueryItemExtension.swift */; };
		E0437267286C498F00B3A233 /* CGFloatExtensions.swift in Sources */ = {isa = PBXBuildFile; fileRef = E043724E286C498F00B3A233 /* CGFloatExtensions.swift */; };
		E0437268286C498F00B3A233 /* ArrayExtensions.swift in Sources */ = {isa = PBXBuildFile; fileRef = E043724F286C498F00B3A233 /* ArrayExtensions.swift */; };
		E0437269286C498F00B3A233 /* NotificationName.swift in Sources */ = {isa = PBXBuildFile; fileRef = E0437250286C498F00B3A233 /* NotificationName.swift */; };
		E043726A286C498F00B3A233 /* FloatExtensions.swift in Sources */ = {isa = PBXBuildFile; fileRef = E0437251286C498F00B3A233 /* FloatExtensions.swift */; };
		E043726B286C498F00B3A233 /* DictionaryExtensions.swift in Sources */ = {isa = PBXBuildFile; fileRef = E0437252286C498F00B3A233 /* DictionaryExtensions.swift */; };
		E043726C286C498F00B3A233 /* DataExtensions.swift in Sources */ = {isa = PBXBuildFile; fileRef = E0437253286C498F00B3A233 /* DataExtensions.swift */; };
		E043726D286C498F00B3A233 /* StringExtensions.swift in Sources */ = {isa = PBXBuildFile; fileRef = E0437254286C498F00B3A233 /* StringExtensions.swift */; };
		E043726E286C498F00B3A233 /* TimeIntervalExtensions.swift in Sources */ = {isa = PBXBuildFile; fileRef = E0437255286C498F00B3A233 /* TimeIntervalExtensions.swift */; };
		E043726F286C498F00B3A233 /* BoolExtensions.swift in Sources */ = {isa = PBXBuildFile; fileRef = E0437256286C498F00B3A233 /* BoolExtensions.swift */; };
		E0437270286C498F00B3A233 /* ReachabilityManager.swift in Sources */ = {isa = PBXBuildFile; fileRef = E0437259286C498F00B3A233 /* ReachabilityManager.swift */; };
		E0437271286C498F00B3A233 /* Reachability.swift in Sources */ = {isa = PBXBuildFile; fileRef = E043725A286C498F00B3A233 /* Reachability.swift */; };
		E0437272286C498F00B3A233 /* APIConfiguration.swift in Sources */ = {isa = PBXBuildFile; fileRef = E043725C286C498F00B3A233 /* APIConfiguration.swift */; };
		E0437273286C498F00B3A233 /* APIError.swift in Sources */ = {isa = PBXBuildFile; fileRef = E043725D286C498F00B3A233 /* APIError.swift */; };
		E0437274286C498F00B3A233 /* APIClient.swift in Sources */ = {isa = PBXBuildFile; fileRef = E043725E286C498F00B3A233 /* APIClient.swift */; };
		E0437275286C498F00B3A233 /* FileDownloader.swift in Sources */ = {isa = PBXBuildFile; fileRef = E043725F286C498F00B3A233 /* FileDownloader.swift */; };
		E0437276286C498F00B3A233 /* NetworkConstants.swift in Sources */ = {isa = PBXBuildFile; fileRef = E0437260286C498F00B3A233 /* NetworkConstants.swift */; };
		E0437277286C498F00B3A233 /* DoubleExtensions.swift in Sources */ = {isa = PBXBuildFile; fileRef = E0437261286C498F00B3A233 /* DoubleExtensions.swift */; };
		E0437278286C498F00B3A233 /* URLExtensions.swift in Sources */ = {isa = PBXBuildFile; fileRef = E0437262286C498F00B3A233 /* URLExtensions.swift */; };
		E0437279286C498F00B3A233 /* EncodableExtensions.swift in Sources */ = {isa = PBXBuildFile; fileRef = E0437263286C498F00B3A233 /* EncodableExtensions.swift */; };
		E043727A286C498F00B3A233 /* IntExtensions.swift in Sources */ = {isa = PBXBuildFile; fileRef = E0437264286C498F00B3A233 /* IntExtensions.swift */; };
		E043727B286C498F00B3A233 /* DateExtensions.swift in Sources */ = {isa = PBXBuildFile; fileRef = E0437265286C498F00B3A233 /* DateExtensions.swift */; };
		E043727F286C4A5C00B3A233 /* LocalizationHelper.swift in Sources */ = {isa = PBXBuildFile; fileRef = E043727D286C4A5C00B3A233 /* LocalizationHelper.swift */; };
		E0437280286C4A5C00B3A233 /* LocalizationSystem.swift in Sources */ = {isa = PBXBuildFile; fileRef = E043727E286C4A5C00B3A233 /* LocalizationSystem.swift */; };
		E0437289286C4C4200B3A233 /* HomeViewController+Delegates.swift in Sources */ = {isa = PBXBuildFile; fileRef = E0437282286C4C4200B3A233 /* HomeViewController+Delegates.swift */; };
		E043728A286C4C4200B3A233 /* HomePresenter.swift in Sources */ = {isa = PBXBuildFile; fileRef = E0437283286C4C4200B3A233 /* HomePresenter.swift */; };
		E043728B286C4C4200B3A233 /* HomeRouter.swift in Sources */ = {isa = PBXBuildFile; fileRef = E0437284286C4C4200B3A233 /* HomeRouter.swift */; };
		E043728C286C4C4200B3A233 /* HomeViewController.swift in Sources */ = {isa = PBXBuildFile; fileRef = E0437285286C4C4200B3A233 /* HomeViewController.swift */; };
		E043728D286C4C4200B3A233 /* HomeProtocols.swift in Sources */ = {isa = PBXBuildFile; fileRef = E0437286286C4C4200B3A233 /* HomeProtocols.swift */; };
		E043728E286C4C4200B3A233 /* HomeInteractor.swift in Sources */ = {isa = PBXBuildFile; fileRef = E0437287286C4C4200B3A233 /* HomeInteractor.swift */; };
		E043728F286C4C4200B3A233 /* HomeViewController.xib in Resources */ = {isa = PBXBuildFile; fileRef = E0437288286C4C4200B3A233 /* HomeViewController.xib */; };
		E04372A8286C4CF300B3A233 /* BasePresenter.swift in Sources */ = {isa = PBXBuildFile; fileRef = E0437297286C4CF300B3A233 /* BasePresenter.swift */; };
		E04372A9286C4CF300B3A233 /* BaseRouter.swift in Sources */ = {isa = PBXBuildFile; fileRef = E0437298286C4CF300B3A233 /* BaseRouter.swift */; };
		E04372AA286C4CF300B3A233 /* MainAppRouter.swift in Sources */ = {isa = PBXBuildFile; fileRef = E0437299286C4CF300B3A233 /* MainAppRouter.swift */; };
		E04372AB286C4CF300B3A233 /* BaseInteractorProtocols.swift in Sources */ = {isa = PBXBuildFile; fileRef = E043729B286C4CF300B3A233 /* BaseInteractorProtocols.swift */; };
		E04372AC286C4CF300B3A233 /* BasePresenterProtocol.swift in Sources */ = {isa = PBXBuildFile; fileRef = E043729C286C4CF300B3A233 /* BasePresenterProtocol.swift */; };
		E04372AD286C4CF300B3A233 /* BaseRouterPorotocol.swift in Sources */ = {isa = PBXBuildFile; fileRef = E043729D286C4CF300B3A233 /* BaseRouterPorotocol.swift */; };
		E04372AE286C4CF300B3A233 /* BaseViewProtocol.swift in Sources */ = {isa = PBXBuildFile; fileRef = E043729E286C4CF300B3A233 /* BaseViewProtocol.swift */; };
		E04372AF286C4CF300B3A233 /* BaseCollectionViewController.swift in Sources */ = {isa = PBXBuildFile; fileRef = E04372A0286C4CF300B3A233 /* BaseCollectionViewController.swift */; };
		E04372B0286C4CF300B3A233 /* BaseViewController.swift in Sources */ = {isa = PBXBuildFile; fileRef = E04372A1286C4CF300B3A233 /* BaseViewController.swift */; };
		E04372B1286C4CF300B3A233 /* BaseTableViewController.swift in Sources */ = {isa = PBXBuildFile; fileRef = E04372A2286C4CF300B3A233 /* BaseTableViewController.swift */; };
		E04372B2286C4CF300B3A233 /* BaseTabBarViewController.swift in Sources */ = {isa = PBXBuildFile; fileRef = E04372A3286C4CF300B3A233 /* BaseTabBarViewController.swift */; };
		E04372B3286C4CF300B3A233 /* BaseTableViewCell.swift in Sources */ = {isa = PBXBuildFile; fileRef = E04372A5286C4CF300B3A233 /* BaseTableViewCell.swift */; };
		E04372B4286C4CF300B3A233 /* BaseCollectionViewCell.swift in Sources */ = {isa = PBXBuildFile; fileRef = E04372A6286C4CF300B3A233 /* BaseCollectionViewCell.swift */; };
		E04372B5286C4CF300B3A233 /* BaseView.swift in Sources */ = {isa = PBXBuildFile; fileRef = E04372A7286C4CF300B3A233 /* BaseView.swift */; };
		E04372BF286C4D6F00B3A233 /* App+DeviceConstants.swift in Sources */ = {isa = PBXBuildFile; fileRef = E04372B9286C4D6F00B3A233 /* App+DeviceConstants.swift */; };
		E04372C0286C4D6F00B3A233 /* CollectionViewConstants.swift in Sources */ = {isa = PBXBuildFile; fileRef = E04372BA286C4D6F00B3A233 /* CollectionViewConstants.swift */; };
		E04372C1286C4D6F00B3A233 /* Typealias.swift in Sources */ = {isa = PBXBuildFile; fileRef = E04372BB286C4D6F00B3A233 /* Typealias.swift */; };
		E04372C2286C4D6F00B3A233 /* GlobalConstants.swift in Sources */ = {isa = PBXBuildFile; fileRef = E04372BC286C4D6F00B3A233 /* GlobalConstants.swift */; };
		E04372E5286C4DD200B3A233 /* UICollectionViewExtensions.swift in Sources */ = {isa = PBXBuildFile; fileRef = E04372CB286C4DD200B3A233 /* UICollectionViewExtensions.swift */; };
		E04372ED286C4DD200B3A233 /* UINavigationControllerExtensions.swift in Sources */ = {isa = PBXBuildFile; fileRef = E04372D3286C4DD200B3A233 /* UINavigationControllerExtensions.swift */; };
		E04372F3286C4DD200B3A233 /* UIImageViewExtensions.swift in Sources */ = {isa = PBXBuildFile; fileRef = E04372D9286C4DD200B3A233 /* UIImageViewExtensions.swift */; };
		E04372FA286C50BF00B3A233 /* SVProgressHUDManager.swift in Sources */ = {isa = PBXBuildFile; fileRef = E04372F9286C50BF00B3A233 /* SVProgressHUDManager.swift */; };
		E04372FC286C5C9100B3A233 /* StockTickersRepository.swift in Sources */ = {isa = PBXBuildFile; fileRef = E04372FB286C5C9100B3A233 /* StockTickersRepository.swift */; };
		E04372FE286C5D9600B3A233 /* StockTickersRepositoryImp.swift in Sources */ = {isa = PBXBuildFile; fileRef = E04372FD286C5D9600B3A233 /* StockTickersRepositoryImp.swift */; };
		E0437300286C5DB500B3A233 /* StockTickersRemoteDataSource.swift in Sources */ = {isa = PBXBuildFile; fileRef = E04372FF286C5DB500B3A233 /* StockTickersRemoteDataSource.swift */; };
		E0437302286C5F4000B3A233 /* HomeUseCase.swift in Sources */ = {isa = PBXBuildFile; fileRef = E0437301286C5F4000B3A233 /* HomeUseCase.swift */; };
		E0437306286C67ED00B3A233 /* CollectionHeaderCollectionReusableView.swift in Sources */ = {isa = PBXBuildFile; fileRef = E0437304286C67ED00B3A233 /* CollectionHeaderCollectionReusableView.swift */; };
		E0437307286C67ED00B3A233 /* CollectionHeaderCollectionReusableView.xib in Resources */ = {isa = PBXBuildFile; fileRef = E0437305286C67ED00B3A233 /* CollectionHeaderCollectionReusableView.xib */; };
		E043730B286C6BE800B3A233 /* StockCollectionViewCell.swift in Sources */ = {isa = PBXBuildFile; fileRef = E0437309286C6BE800B3A233 /* StockCollectionViewCell.swift */; };
		E043730C286C6BE800B3A233 /* StockCollectionViewCell.xib in Resources */ = {isa = PBXBuildFile; fileRef = E043730A286C6BE800B3A233 /* StockCollectionViewCell.xib */; };
		E0437310286C712500B3A233 /* LatestNewsCollectionViewCell.swift in Sources */ = {isa = PBXBuildFile; fileRef = E043730E286C712500B3A233 /* LatestNewsCollectionViewCell.swift */; };
		E0437311286C712500B3A233 /* LatestNewsCollectionViewCell.xib in Resources */ = {isa = PBXBuildFile; fileRef = E043730F286C712500B3A233 /* LatestNewsCollectionViewCell.xib */; };
		E0437313286C734D00B3A233 /* UIViewExtensions.swift in Sources */ = {isa = PBXBuildFile; fileRef = E0437312286C734D00B3A233 /* UIViewExtensions.swift */; };
		E0437318286C741800B3A233 /* Article.swift in Sources */ = {isa = PBXBuildFile; fileRef = E0437315286C741700B3A233 /* Article.swift */; };
		E0437319286C741800B3A233 /* APIResponse.swift in Sources */ = {isa = PBXBuildFile; fileRef = E0437316286C741700B3A233 /* APIResponse.swift */; };
		E043731A286C741800B3A233 /* Source.swift in Sources */ = {isa = PBXBuildFile; fileRef = E0437317286C741700B3A233 /* Source.swift */; };
		E043731C286C743500B3A233 /* NewsRepository.swift in Sources */ = {isa = PBXBuildFile; fileRef = E043731B286C743500B3A233 /* NewsRepository.swift */; };
		E043731E286C744B00B3A233 /* NewsRepositoryImp.swift in Sources */ = {isa = PBXBuildFile; fileRef = E043731D286C744B00B3A233 /* NewsRepositoryImp.swift */; };
		E0437320286C74CC00B3A233 /* NewsRemoteDataSource.swift in Sources */ = {isa = PBXBuildFile; fileRef = E043731F286C74CC00B3A233 /* NewsRemoteDataSource.swift */; };
		E0437324286C7B4500B3A233 /* MoreNewsCollectionViewCell.swift in Sources */ = {isa = PBXBuildFile; fileRef = E0437322286C7B4400B3A233 /* MoreNewsCollectionViewCell.swift */; };
		E0437325286C7B4500B3A233 /* MoreNewsCollectionViewCell.xib in Resources */ = {isa = PBXBuildFile; fileRef = E0437323286C7B4400B3A233 /* MoreNewsCollectionViewCell.xib */; };
/* End PBXBuildFile section */

/* Begin PBXFileReference section */
		197564733D1C962099872727 /* Pods_Stock_Tickers.framework */ = {isa = PBXFileReference; explicitFileType = wrapper.framework; includeInIndex = 0; path = Pods_Stock_Tickers.framework; sourceTree = BUILT_PRODUCTS_DIR; };
		46F5A17EB4AB61C60829A25A /* Pods-Stock Tickers.debug.xcconfig */ = {isa = PBXFileReference; includeInIndex = 1; lastKnownFileType = text.xcconfig; name = "Pods-Stock Tickers.debug.xcconfig"; path = "Target Support Files/Pods-Stock Tickers/Pods-Stock Tickers.debug.xcconfig"; sourceTree = "<group>"; };
		E043721B286C45A700B3A233 /* Stock Tickers.app */ = {isa = PBXFileReference; explicitFileType = wrapper.application; includeInIndex = 0; path = "Stock Tickers.app"; sourceTree = BUILT_PRODUCTS_DIR; };
		E043721E286C45A700B3A233 /* AppDelegate.swift */ = {isa = PBXFileReference; lastKnownFileType = sourcecode.swift; path = AppDelegate.swift; sourceTree = "<group>"; };
		E0437220286C45A700B3A233 /* SceneDelegate.swift */ = {isa = PBXFileReference; lastKnownFileType = sourcecode.swift; path = SceneDelegate.swift; sourceTree = "<group>"; };
		E0437227286C45A900B3A233 /* Assets.xcassets */ = {isa = PBXFileReference; lastKnownFileType = folder.assetcatalog; path = Assets.xcassets; sourceTree = "<group>"; };
		E043722A286C45A900B3A233 /* Base */ = {isa = PBXFileReference; lastKnownFileType = file.storyboard; name = Base; path = Base.lproj/LaunchScreen.storyboard; sourceTree = "<group>"; };
		E043722C286C45A900B3A233 /* Info.plist */ = {isa = PBXFileReference; lastKnownFileType = text.plist.xml; path = Info.plist; sourceTree = "<group>"; };
		E043723B286C47A200B3A233 /* HeaderInterceptor.swift */ = {isa = PBXFileReference; fileEncoding = 4; lastKnownFileType = sourcecode.swift; path = HeaderInterceptor.swift; sourceTree = "<group>"; };
		E043723C286C47A200B3A233 /* APIRouter.swift */ = {isa = PBXFileReference; fileEncoding = 4; lastKnownFileType = sourcecode.swift; path = APIRouter.swift; sourceTree = "<group>"; };
		E043723D286C47A200B3A233 /* BaseService.swift */ = {isa = PBXFileReference; fileEncoding = 4; lastKnownFileType = sourcecode.swift; path = BaseService.swift; sourceTree = "<group>"; };
		E0437245286C47DC00B3A233 /* NetworkManager.swift */ = {isa = PBXFileReference; fileEncoding = 4; lastKnownFileType = sourcecode.swift; path = NetworkManager.swift; sourceTree = "<group>"; };
		E043724D286C498F00B3A233 /* URLQueryItemExtension.swift */ = {isa = PBXFileReference; fileEncoding = 4; lastKnownFileType = sourcecode.swift; path = URLQueryItemExtension.swift; sourceTree = "<group>"; };
		E043724E286C498F00B3A233 /* CGFloatExtensions.swift */ = {isa = PBXFileReference; fileEncoding = 4; lastKnownFileType = sourcecode.swift; path = CGFloatExtensions.swift; sourceTree = "<group>"; };
		E043724F286C498F00B3A233 /* ArrayExtensions.swift */ = {isa = PBXFileReference; fileEncoding = 4; lastKnownFileType = sourcecode.swift; path = ArrayExtensions.swift; sourceTree = "<group>"; };
		E0437250286C498F00B3A233 /* NotificationName.swift */ = {isa = PBXFileReference; fileEncoding = 4; lastKnownFileType = sourcecode.swift; path = NotificationName.swift; sourceTree = "<group>"; };
		E0437251286C498F00B3A233 /* FloatExtensions.swift */ = {isa = PBXFileReference; fileEncoding = 4; lastKnownFileType = sourcecode.swift; path = FloatExtensions.swift; sourceTree = "<group>"; };
		E0437252286C498F00B3A233 /* DictionaryExtensions.swift */ = {isa = PBXFileReference; fileEncoding = 4; lastKnownFileType = sourcecode.swift; path = DictionaryExtensions.swift; sourceTree = "<group>"; };
		E0437253286C498F00B3A233 /* DataExtensions.swift */ = {isa = PBXFileReference; fileEncoding = 4; lastKnownFileType = sourcecode.swift; path = DataExtensions.swift; sourceTree = "<group>"; };
		E0437254286C498F00B3A233 /* StringExtensions.swift */ = {isa = PBXFileReference; fileEncoding = 4; lastKnownFileType = sourcecode.swift; path = StringExtensions.swift; sourceTree = "<group>"; };
		E0437255286C498F00B3A233 /* TimeIntervalExtensions.swift */ = {isa = PBXFileReference; fileEncoding = 4; lastKnownFileType = sourcecode.swift; path = TimeIntervalExtensions.swift; sourceTree = "<group>"; };
		E0437256286C498F00B3A233 /* BoolExtensions.swift */ = {isa = PBXFileReference; fileEncoding = 4; lastKnownFileType = sourcecode.swift; path = BoolExtensions.swift; sourceTree = "<group>"; };
		E0437259286C498F00B3A233 /* ReachabilityManager.swift */ = {isa = PBXFileReference; fileEncoding = 4; lastKnownFileType = sourcecode.swift; path = ReachabilityManager.swift; sourceTree = "<group>"; };
		E043725A286C498F00B3A233 /* Reachability.swift */ = {isa = PBXFileReference; fileEncoding = 4; lastKnownFileType = sourcecode.swift; path = Reachability.swift; sourceTree = "<group>"; };
		E043725C286C498F00B3A233 /* APIConfiguration.swift */ = {isa = PBXFileReference; fileEncoding = 4; lastKnownFileType = sourcecode.swift; path = APIConfiguration.swift; sourceTree = "<group>"; };
		E043725D286C498F00B3A233 /* APIError.swift */ = {isa = PBXFileReference; fileEncoding = 4; lastKnownFileType = sourcecode.swift; path = APIError.swift; sourceTree = "<group>"; };
		E043725E286C498F00B3A233 /* APIClient.swift */ = {isa = PBXFileReference; fileEncoding = 4; lastKnownFileType = sourcecode.swift; path = APIClient.swift; sourceTree = "<group>"; };
		E043725F286C498F00B3A233 /* FileDownloader.swift */ = {isa = PBXFileReference; fileEncoding = 4; lastKnownFileType = sourcecode.swift; path = FileDownloader.swift; sourceTree = "<group>"; };
		E0437260286C498F00B3A233 /* NetworkConstants.swift */ = {isa = PBXFileReference; fileEncoding = 4; lastKnownFileType = sourcecode.swift; path = NetworkConstants.swift; sourceTree = "<group>"; };
		E0437261286C498F00B3A233 /* DoubleExtensions.swift */ = {isa = PBXFileReference; fileEncoding = 4; lastKnownFileType = sourcecode.swift; path = DoubleExtensions.swift; sourceTree = "<group>"; };
		E0437262286C498F00B3A233 /* URLExtensions.swift */ = {isa = PBXFileReference; fileEncoding = 4; lastKnownFileType = sourcecode.swift; path = URLExtensions.swift; sourceTree = "<group>"; };
		E0437263286C498F00B3A233 /* EncodableExtensions.swift */ = {isa = PBXFileReference; fileEncoding = 4; lastKnownFileType = sourcecode.swift; path = EncodableExtensions.swift; sourceTree = "<group>"; };
		E0437264286C498F00B3A233 /* IntExtensions.swift */ = {isa = PBXFileReference; fileEncoding = 4; lastKnownFileType = sourcecode.swift; path = IntExtensions.swift; sourceTree = "<group>"; };
		E0437265286C498F00B3A233 /* DateExtensions.swift */ = {isa = PBXFileReference; fileEncoding = 4; lastKnownFileType = sourcecode.swift; path = DateExtensions.swift; sourceTree = "<group>"; };
		E043727D286C4A5C00B3A233 /* LocalizationHelper.swift */ = {isa = PBXFileReference; fileEncoding = 4; lastKnownFileType = sourcecode.swift; path = LocalizationHelper.swift; sourceTree = "<group>"; };
		E043727E286C4A5C00B3A233 /* LocalizationSystem.swift */ = {isa = PBXFileReference; fileEncoding = 4; lastKnownFileType = sourcecode.swift; path = LocalizationSystem.swift; sourceTree = "<group>"; };
		E0437282286C4C4200B3A233 /* HomeViewController+Delegates.swift */ = {isa = PBXFileReference; lastKnownFileType = sourcecode.swift; path = "HomeViewController+Delegates.swift"; sourceTree = "<group>"; };
		E0437283286C4C4200B3A233 /* HomePresenter.swift */ = {isa = PBXFileReference; lastKnownFileType = sourcecode.swift; path = HomePresenter.swift; sourceTree = "<group>"; };
		E0437284286C4C4200B3A233 /* HomeRouter.swift */ = {isa = PBXFileReference; lastKnownFileType = sourcecode.swift; path = HomeRouter.swift; sourceTree = "<group>"; };
		E0437285286C4C4200B3A233 /* HomeViewController.swift */ = {isa = PBXFileReference; lastKnownFileType = sourcecode.swift; path = HomeViewController.swift; sourceTree = "<group>"; };
		E0437286286C4C4200B3A233 /* HomeProtocols.swift */ = {isa = PBXFileReference; lastKnownFileType = sourcecode.swift; path = HomeProtocols.swift; sourceTree = "<group>"; };
		E0437287286C4C4200B3A233 /* HomeInteractor.swift */ = {isa = PBXFileReference; lastKnownFileType = sourcecode.swift; path = HomeInteractor.swift; sourceTree = "<group>"; };
		E0437288286C4C4200B3A233 /* HomeViewController.xib */ = {isa = PBXFileReference; lastKnownFileType = file.xib; path = HomeViewController.xib; sourceTree = "<group>"; };
		E0437297286C4CF300B3A233 /* BasePresenter.swift */ = {isa = PBXFileReference; fileEncoding = 4; lastKnownFileType = sourcecode.swift; path = BasePresenter.swift; sourceTree = "<group>"; };
		E0437298286C4CF300B3A233 /* BaseRouter.swift */ = {isa = PBXFileReference; fileEncoding = 4; lastKnownFileType = sourcecode.swift; path = BaseRouter.swift; sourceTree = "<group>"; };
		E0437299286C4CF300B3A233 /* MainAppRouter.swift */ = {isa = PBXFileReference; fileEncoding = 4; lastKnownFileType = sourcecode.swift; path = MainAppRouter.swift; sourceTree = "<group>"; };
		E043729B286C4CF300B3A233 /* BaseInteractorProtocols.swift */ = {isa = PBXFileReference; fileEncoding = 4; lastKnownFileType = sourcecode.swift; path = BaseInteractorProtocols.swift; sourceTree = "<group>"; };
		E043729C286C4CF300B3A233 /* BasePresenterProtocol.swift */ = {isa = PBXFileReference; fileEncoding = 4; lastKnownFileType = sourcecode.swift; path = BasePresenterProtocol.swift; sourceTree = "<group>"; };
		E043729D286C4CF300B3A233 /* BaseRouterPorotocol.swift */ = {isa = PBXFileReference; fileEncoding = 4; lastKnownFileType = sourcecode.swift; path = BaseRouterPorotocol.swift; sourceTree = "<group>"; };
		E043729E286C4CF300B3A233 /* BaseViewProtocol.swift */ = {isa = PBXFileReference; fileEncoding = 4; lastKnownFileType = sourcecode.swift; path = BaseViewProtocol.swift; sourceTree = "<group>"; };
		E04372A0286C4CF300B3A233 /* BaseCollectionViewController.swift */ = {isa = PBXFileReference; fileEncoding = 4; lastKnownFileType = sourcecode.swift; path = BaseCollectionViewController.swift; sourceTree = "<group>"; };
		E04372A1286C4CF300B3A233 /* BaseViewController.swift */ = {isa = PBXFileReference; fileEncoding = 4; lastKnownFileType = sourcecode.swift; path = BaseViewController.swift; sourceTree = "<group>"; };
		E04372A2286C4CF300B3A233 /* BaseTableViewController.swift */ = {isa = PBXFileReference; fileEncoding = 4; lastKnownFileType = sourcecode.swift; path = BaseTableViewController.swift; sourceTree = "<group>"; };
		E04372A3286C4CF300B3A233 /* BaseTabBarViewController.swift */ = {isa = PBXFileReference; fileEncoding = 4; lastKnownFileType = sourcecode.swift; path = BaseTabBarViewController.swift; sourceTree = "<group>"; };
		E04372A5286C4CF300B3A233 /* BaseTableViewCell.swift */ = {isa = PBXFileReference; fileEncoding = 4; lastKnownFileType = sourcecode.swift; path = BaseTableViewCell.swift; sourceTree = "<group>"; };
		E04372A6286C4CF300B3A233 /* BaseCollectionViewCell.swift */ = {isa = PBXFileReference; fileEncoding = 4; lastKnownFileType = sourcecode.swift; path = BaseCollectionViewCell.swift; sourceTree = "<group>"; };
		E04372A7286C4CF300B3A233 /* BaseView.swift */ = {isa = PBXFileReference; fileEncoding = 4; lastKnownFileType = sourcecode.swift; path = BaseView.swift; sourceTree = "<group>"; };
		E04372B9286C4D6F00B3A233 /* App+DeviceConstants.swift */ = {isa = PBXFileReference; fileEncoding = 4; lastKnownFileType = sourcecode.swift; path = "App+DeviceConstants.swift"; sourceTree = "<group>"; };
		E04372BA286C4D6F00B3A233 /* CollectionViewConstants.swift */ = {isa = PBXFileReference; fileEncoding = 4; lastKnownFileType = sourcecode.swift; path = CollectionViewConstants.swift; sourceTree = "<group>"; };
		E04372BB286C4D6F00B3A233 /* Typealias.swift */ = {isa = PBXFileReference; fileEncoding = 4; lastKnownFileType = sourcecode.swift; path = Typealias.swift; sourceTree = "<group>"; };
		E04372BC286C4D6F00B3A233 /* GlobalConstants.swift */ = {isa = PBXFileReference; fileEncoding = 4; lastKnownFileType = sourcecode.swift; path = GlobalConstants.swift; sourceTree = "<group>"; };
		E04372CB286C4DD200B3A233 /* UICollectionViewExtensions.swift */ = {isa = PBXFileReference; fileEncoding = 4; lastKnownFileType = sourcecode.swift; path = UICollectionViewExtensions.swift; sourceTree = "<group>"; };
		E04372D3286C4DD200B3A233 /* UINavigationControllerExtensions.swift */ = {isa = PBXFileReference; fileEncoding = 4; lastKnownFileType = sourcecode.swift; path = UINavigationControllerExtensions.swift; sourceTree = "<group>"; };
		E04372D9286C4DD200B3A233 /* UIImageViewExtensions.swift */ = {isa = PBXFileReference; fileEncoding = 4; lastKnownFileType = sourcecode.swift; path = UIImageViewExtensions.swift; sourceTree = "<group>"; };
		E04372F9286C50BF00B3A233 /* SVProgressHUDManager.swift */ = {isa = PBXFileReference; lastKnownFileType = sourcecode.swift; path = SVProgressHUDManager.swift; sourceTree = "<group>"; };
		E04372FB286C5C9100B3A233 /* StockTickersRepository.swift */ = {isa = PBXFileReference; lastKnownFileType = sourcecode.swift; path = StockTickersRepository.swift; sourceTree = "<group>"; };
		E04372FD286C5D9600B3A233 /* StockTickersRepositoryImp.swift */ = {isa = PBXFileReference; lastKnownFileType = sourcecode.swift; path = StockTickersRepositoryImp.swift; sourceTree = "<group>"; };
		E04372FF286C5DB500B3A233 /* StockTickersRemoteDataSource.swift */ = {isa = PBXFileReference; lastKnownFileType = sourcecode.swift; path = StockTickersRemoteDataSource.swift; sourceTree = "<group>"; };
		E0437301286C5F4000B3A233 /* HomeUseCase.swift */ = {isa = PBXFileReference; lastKnownFileType = sourcecode.swift; path = HomeUseCase.swift; sourceTree = "<group>"; };
		E0437304286C67ED00B3A233 /* CollectionHeaderCollectionReusableView.swift */ = {isa = PBXFileReference; lastKnownFileType = sourcecode.swift; path = CollectionHeaderCollectionReusableView.swift; sourceTree = "<group>"; };
		E0437305286C67ED00B3A233 /* CollectionHeaderCollectionReusableView.xib */ = {isa = PBXFileReference; lastKnownFileType = file.xib; path = CollectionHeaderCollectionReusableView.xib; sourceTree = "<group>"; };
		E0437309286C6BE800B3A233 /* StockCollectionViewCell.swift */ = {isa = PBXFileReference; lastKnownFileType = sourcecode.swift; path = StockCollectionViewCell.swift; sourceTree = "<group>"; };
		E043730A286C6BE800B3A233 /* StockCollectionViewCell.xib */ = {isa = PBXFileReference; lastKnownFileType = file.xib; path = StockCollectionViewCell.xib; sourceTree = "<group>"; };
		E043730E286C712500B3A233 /* LatestNewsCollectionViewCell.swift */ = {isa = PBXFileReference; lastKnownFileType = sourcecode.swift; path = LatestNewsCollectionViewCell.swift; sourceTree = "<group>"; };
		E043730F286C712500B3A233 /* LatestNewsCollectionViewCell.xib */ = {isa = PBXFileReference; lastKnownFileType = file.xib; path = LatestNewsCollectionViewCell.xib; sourceTree = "<group>"; };
		E0437312286C734D00B3A233 /* UIViewExtensions.swift */ = {isa = PBXFileReference; lastKnownFileType = sourcecode.swift; path = UIViewExtensions.swift; sourceTree = "<group>"; };
		E0437315286C741700B3A233 /* Article.swift */ = {isa = PBXFileReference; fileEncoding = 4; lastKnownFileType = sourcecode.swift; path = Article.swift; sourceTree = "<group>"; };
		E0437316286C741700B3A233 /* APIResponse.swift */ = {isa = PBXFileReference; fileEncoding = 4; lastKnownFileType = sourcecode.swift; path = APIResponse.swift; sourceTree = "<group>"; };
		E0437317286C741700B3A233 /* Source.swift */ = {isa = PBXFileReference; fileEncoding = 4; lastKnownFileType = sourcecode.swift; path = Source.swift; sourceTree = "<group>"; };
		E043731B286C743500B3A233 /* NewsRepository.swift */ = {isa = PBXFileReference; lastKnownFileType = sourcecode.swift; path = NewsRepository.swift; sourceTree = "<group>"; };
		E043731D286C744B00B3A233 /* NewsRepositoryImp.swift */ = {isa = PBXFileReference; lastKnownFileType = sourcecode.swift; path = NewsRepositoryImp.swift; sourceTree = "<group>"; };
		E043731F286C74CC00B3A233 /* NewsRemoteDataSource.swift */ = {isa = PBXFileReference; lastKnownFileType = sourcecode.swift; path = NewsRemoteDataSource.swift; sourceTree = "<group>"; };
		E0437322286C7B4400B3A233 /* MoreNewsCollectionViewCell.swift */ = {isa = PBXFileReference; lastKnownFileType = sourcecode.swift; path = MoreNewsCollectionViewCell.swift; sourceTree = "<group>"; };
		E0437323286C7B4400B3A233 /* MoreNewsCollectionViewCell.xib */ = {isa = PBXFileReference; lastKnownFileType = file.xib; path = MoreNewsCollectionViewCell.xib; sourceTree = "<group>"; };
		E0437326286C7FE100B3A233 /* en-US */ = {isa = PBXFileReference; lastKnownFileType = text.plist.strings; name = "en-US"; path = "en-US.lproj/LaunchScreen.strings"; sourceTree = "<group>"; };
		F335ECC4764E5CB97002DB5F /* Pods-Stock Tickers.release.xcconfig */ = {isa = PBXFileReference; includeInIndex = 1; lastKnownFileType = text.xcconfig; name = "Pods-Stock Tickers.release.xcconfig"; path = "Target Support Files/Pods-Stock Tickers/Pods-Stock Tickers.release.xcconfig"; sourceTree = "<group>"; };
/* End PBXFileReference section */

/* Begin PBXFrameworksBuildPhase section */
		E0437218286C45A700B3A233 /* Frameworks */ = {
			isa = PBXFrameworksBuildPhase;
			buildActionMask = 2147483647;
			files = (
				64747BE377FB13E86B46FC4B /* Pods_Stock_Tickers.framework in Frameworks */,
			);
			runOnlyForDeploymentPostprocessing = 0;
		};
/* End PBXFrameworksBuildPhase section */

/* Begin PBXGroup section */
		27CDFB7553A87F8F59F50D73 /* Pods */ = {
			isa = PBXGroup;
			children = (
				46F5A17EB4AB61C60829A25A /* Pods-Stock Tickers.debug.xcconfig */,
				F335ECC4764E5CB97002DB5F /* Pods-Stock Tickers.release.xcconfig */,
			);
			path = Pods;
			sourceTree = "<group>";
		};
		C62B0629B639D1D65B1D460D /* Frameworks */ = {
			isa = PBXGroup;
			children = (
				197564733D1C962099872727 /* Pods_Stock_Tickers.framework */,
			);
			name = Frameworks;
			sourceTree = "<group>";
		};
		E0437212286C45A600B3A233 = {
			isa = PBXGroup;
			children = (
				E043721D286C45A700B3A233 /* Stock Tickers */,
				E043721C286C45A700B3A233 /* Products */,
				27CDFB7553A87F8F59F50D73 /* Pods */,
				C62B0629B639D1D65B1D460D /* Frameworks */,
			);
			sourceTree = "<group>";
		};
		E043721C286C45A700B3A233 /* Products */ = {
			isa = PBXGroup;
			children = (
				E043721B286C45A700B3A233 /* Stock Tickers.app */,
			);
			name = Products;
			sourceTree = "<group>";
		};
		E043721D286C45A700B3A233 /* Stock Tickers */ = {
			isa = PBXGroup;
			children = (
				E0437232286C470A00B3A233 /* Configuration */,
				E0437233286C472600B3A233 /* Core */,
				E0437234286C473500B3A233 /* Resources */,
				E0437235286C475600B3A233 /* Storyboards */,
				E0437295286C4CF300B3A233 /* BaseParents */,
				E0437236286C476900B3A233 /* Domain */,
				E0437241286C47BD00B3A233 /* Data */,
				E043724A286C480B00B3A233 /* Utils */,
				E043724B286C481200B3A233 /* Scenes */,
			);
			path = "Stock Tickers";
			sourceTree = "<group>";
		};
		E0437232286C470A00B3A233 /* Configuration */ = {
			isa = PBXGroup;
			children = (
				E043722C286C45A900B3A233 /* Info.plist */,
			);
			path = Configuration;
			sourceTree = "<group>";
		};
		E0437233286C472600B3A233 /* Core */ = {
			isa = PBXGroup;
			children = (
				E043721E286C45A700B3A233 /* AppDelegate.swift */,
				E0437220286C45A700B3A233 /* SceneDelegate.swift */,
			);
			path = Core;
			sourceTree = "<group>";
		};
		E0437234286C473500B3A233 /* Resources */ = {
			isa = PBXGroup;
			children = (
				E0437227286C45A900B3A233 /* Assets.xcassets */,
			);
			path = Resources;
			sourceTree = "<group>";
		};
		E0437235286C475600B3A233 /* Storyboards */ = {
			isa = PBXGroup;
			children = (
				E0437229286C45A900B3A233 /* LaunchScreen.storyboard */,
			);
			path = Storyboards;
			sourceTree = "<group>";
		};
		E0437236286C476900B3A233 /* Domain */ = {
			isa = PBXGroup;
			children = (
				E0437237286C476E00B3A233 /* Repositories */,
				E0437238286C477500B3A233 /* Use Cases */,
			);
			path = Domain;
			sourceTree = "<group>";
		};
		E0437237286C476E00B3A233 /* Repositories */ = {
			isa = PBXGroup;
			children = (
				E04372FB286C5C9100B3A233 /* StockTickersRepository.swift */,
				E043731B286C743500B3A233 /* NewsRepository.swift */,
			);
			path = Repositories;
			sourceTree = "<group>";
		};
		E0437238286C477500B3A233 /* Use Cases */ = {
			isa = PBXGroup;
			children = (
				E0437301286C5F4000B3A233 /* HomeUseCase.swift */,
			);
			path = "Use Cases";
			sourceTree = "<group>";
		};
		E0437239286C478E00B3A233 /* Remote */ = {
			isa = PBXGroup;
			children = (
				E043723A286C47A200B3A233 /* API */,
				E0437314286C740D00B3A233 /* Responses */,
			);
			path = Remote;
			sourceTree = "<group>";
		};
		E043723A286C47A200B3A233 /* API */ = {
			isa = PBXGroup;
			children = (
				E043723B286C47A200B3A233 /* HeaderInterceptor.swift */,
				E043723C286C47A200B3A233 /* APIRouter.swift */,
				E043723D286C47A200B3A233 /* BaseService.swift */,
			);
			path = API;
			sourceTree = "<group>";
		};
		E0437241286C47BD00B3A233 /* Data */ = {
			isa = PBXGroup;
			children = (
				E0437249286C47ED00B3A233 /* Repositories Implementation */,
				E0437248286C47E800B3A233 /* Remote Data Source */,
				E0437247286C47E200B3A233 /* Local Data Source */,
				E0437242286C47DC00B3A233 /* Manager */,
				E0437239286C478E00B3A233 /* Remote */,
			);
			path = Data;
			sourceTree = "<group>";
		};
		E0437242286C47DC00B3A233 /* Manager */ = {
			isa = PBXGroup;
			children = (
				E0437243286C47DC00B3A233 /* Network */,
			);
			path = Manager;
			sourceTree = "<group>";
		};
		E0437243286C47DC00B3A233 /* Network */ = {
			isa = PBXGroup;
			children = (
				E0437244286C47DC00B3A233 /* API */,
			);
			path = Network;
			sourceTree = "<group>";
		};
		E0437244286C47DC00B3A233 /* API */ = {
			isa = PBXGroup;
			children = (
				E0437245286C47DC00B3A233 /* NetworkManager.swift */,
			);
			path = API;
			sourceTree = "<group>";
		};
		E0437247286C47E200B3A233 /* Local Data Source */ = {
			isa = PBXGroup;
			children = (
			);
			path = "Local Data Source";
			sourceTree = "<group>";
		};
		E0437248286C47E800B3A233 /* Remote Data Source */ = {
			isa = PBXGroup;
			children = (
				E04372FF286C5DB500B3A233 /* StockTickersRemoteDataSource.swift */,
				E043731F286C74CC00B3A233 /* NewsRemoteDataSource.swift */,
			);
			path = "Remote Data Source";
			sourceTree = "<group>";
		};
		E0437249286C47ED00B3A233 /* Repositories Implementation */ = {
			isa = PBXGroup;
			children = (
				E04372FD286C5D9600B3A233 /* StockTickersRepositoryImp.swift */,
				E043731D286C744B00B3A233 /* NewsRepositoryImp.swift */,
			);
			path = "Repositories Implementation";
			sourceTree = "<group>";
		};
		E043724A286C480B00B3A233 /* Utils */ = {
			isa = PBXGroup;
			children = (
				E04372F8286C50A500B3A233 /* LoadingManagers */,
				E043724C286C498F00B3A233 /* FoundationExtensions */,
				E04372C3286C4DD200B3A233 /* ExtensionViews */,
				E043727C286C4A5C00B3A233 /* Localization Manager */,
				E04372B6286C4D6F00B3A233 /* Constants Manager */,
			);
			path = Utils;
			sourceTree = "<group>";
		};
		E043724B286C481200B3A233 /* Scenes */ = {
			isa = PBXGroup;
			children = (
				E0437281286C4C3700B3A233 /* Home */,
			);
			path = Scenes;
			sourceTree = "<group>";
		};
		E043724C286C498F00B3A233 /* FoundationExtensions */ = {
			isa = PBXGroup;
			children = (
				E043724D286C498F00B3A233 /* URLQueryItemExtension.swift */,
				E043724E286C498F00B3A233 /* CGFloatExtensions.swift */,
				E043724F286C498F00B3A233 /* ArrayExtensions.swift */,
				E0437250286C498F00B3A233 /* NotificationName.swift */,
				E0437251286C498F00B3A233 /* FloatExtensions.swift */,
				E0437252286C498F00B3A233 /* DictionaryExtensions.swift */,
				E0437253286C498F00B3A233 /* DataExtensions.swift */,
				E0437254286C498F00B3A233 /* StringExtensions.swift */,
				E0437255286C498F00B3A233 /* TimeIntervalExtensions.swift */,
				E0437256286C498F00B3A233 /* BoolExtensions.swift */,
				E0437257286C498F00B3A233 /* Network Manager */,
				E0437261286C498F00B3A233 /* DoubleExtensions.swift */,
				E0437262286C498F00B3A233 /* URLExtensions.swift */,
				E0437263286C498F00B3A233 /* EncodableExtensions.swift */,
				E0437264286C498F00B3A233 /* IntExtensions.swift */,
				E0437265286C498F00B3A233 /* DateExtensions.swift */,
			);
			path = FoundationExtensions;
			sourceTree = "<group>";
		};
		E0437257286C498F00B3A233 /* Network Manager */ = {
			isa = PBXGroup;
			children = (
				E0437258286C498F00B3A233 /* Reachability */,
				E043725B286C498F00B3A233 /* NetworkLayer */,
			);
			path = "Network Manager";
			sourceTree = "<group>";
		};
		E0437258286C498F00B3A233 /* Reachability */ = {
			isa = PBXGroup;
			children = (
				E0437259286C498F00B3A233 /* ReachabilityManager.swift */,
				E043725A286C498F00B3A233 /* Reachability.swift */,
			);
			path = Reachability;
			sourceTree = "<group>";
		};
		E043725B286C498F00B3A233 /* NetworkLayer */ = {
			isa = PBXGroup;
			children = (
				E043725C286C498F00B3A233 /* APIConfiguration.swift */,
				E043725D286C498F00B3A233 /* APIError.swift */,
				E043725E286C498F00B3A233 /* APIClient.swift */,
				E043725F286C498F00B3A233 /* FileDownloader.swift */,
				E0437260286C498F00B3A233 /* NetworkConstants.swift */,
			);
			path = NetworkLayer;
			sourceTree = "<group>";
		};
		E043727C286C4A5C00B3A233 /* Localization Manager */ = {
			isa = PBXGroup;
			children = (
				E043727D286C4A5C00B3A233 /* LocalizationHelper.swift */,
				E043727E286C4A5C00B3A233 /* LocalizationSystem.swift */,
			);
			path = "Localization Manager";
			sourceTree = "<group>";
		};
		E0437281286C4C3700B3A233 /* Home */ = {
			isa = PBXGroup;
			children = (
				E0437294286C4CBB00B3A233 /* Nib */,
				E0437293286C4CB900B3A233 /* View */,
				E0437292286C4CB600B3A233 /* Presenter */,
				E0437291286C4CB400B3A233 /* Interactor */,
				E0437290286C4CAF00B3A233 /* Router */,
			);
			path = Home;
			sourceTree = "<group>";
		};
		E0437290286C4CAF00B3A233 /* Router */ = {
			isa = PBXGroup;
			children = (
				E0437284286C4C4200B3A233 /* HomeRouter.swift */,
			);
			path = Router;
			sourceTree = "<group>";
		};
		E0437291286C4CB400B3A233 /* Interactor */ = {
			isa = PBXGroup;
			children = (
				E0437287286C4C4200B3A233 /* HomeInteractor.swift */,
			);
			path = Interactor;
			sourceTree = "<group>";
		};
		E0437292286C4CB600B3A233 /* Presenter */ = {
			isa = PBXGroup;
			children = (
				E0437286286C4C4200B3A233 /* HomeProtocols.swift */,
				E0437283286C4C4200B3A233 /* HomePresenter.swift */,
			);
			path = Presenter;
			sourceTree = "<group>";
		};
		E0437293286C4CB900B3A233 /* View */ = {
			isa = PBXGroup;
			children = (
				E0437285286C4C4200B3A233 /* HomeViewController.swift */,
				E0437282286C4C4200B3A233 /* HomeViewController+Delegates.swift */,
				E0437303286C672800B3A233 /* CollectionHeader */,
				E0437308286C6BD100B3A233 /* StockCell */,
				E043730D286C710800B3A233 /* LatestNewsCell */,
				E0437321286C7B2C00B3A233 /* MoreNewsCell */,
			);
			path = View;
			sourceTree = "<group>";
		};
		E0437294286C4CBB00B3A233 /* Nib */ = {
			isa = PBXGroup;
			children = (
				E0437288286C4C4200B3A233 /* HomeViewController.xib */,
			);
			path = Nib;
			sourceTree = "<group>";
		};
		E0437295286C4CF300B3A233 /* BaseParents */ = {
			isa = PBXGroup;
			children = (
				E0437296286C4CF300B3A233 /* BaseProtocolImplementations */,
				E043729A286C4CF300B3A233 /* BaseProtocols */,
				E043729F286C4CF300B3A233 /* BaseViewControllers */,
				E04372A4286C4CF300B3A233 /* BaseViews */,
			);
			path = BaseParents;
			sourceTree = "<group>";
		};
		E0437296286C4CF300B3A233 /* BaseProtocolImplementations */ = {
			isa = PBXGroup;
			children = (
				E0437297286C4CF300B3A233 /* BasePresenter.swift */,
				E0437298286C4CF300B3A233 /* BaseRouter.swift */,
				E0437299286C4CF300B3A233 /* MainAppRouter.swift */,
			);
			path = BaseProtocolImplementations;
			sourceTree = "<group>";
		};
		E043729A286C4CF300B3A233 /* BaseProtocols */ = {
			isa = PBXGroup;
			children = (
				E043729B286C4CF300B3A233 /* BaseInteractorProtocols.swift */,
				E043729C286C4CF300B3A233 /* BasePresenterProtocol.swift */,
				E043729D286C4CF300B3A233 /* BaseRouterPorotocol.swift */,
				E043729E286C4CF300B3A233 /* BaseViewProtocol.swift */,
			);
			path = BaseProtocols;
			sourceTree = "<group>";
		};
		E043729F286C4CF300B3A233 /* BaseViewControllers */ = {
			isa = PBXGroup;
			children = (
				E04372A0286C4CF300B3A233 /* BaseCollectionViewController.swift */,
				E04372A1286C4CF300B3A233 /* BaseViewController.swift */,
				E04372A2286C4CF300B3A233 /* BaseTableViewController.swift */,
				E04372A3286C4CF300B3A233 /* BaseTabBarViewController.swift */,
			);
			path = BaseViewControllers;
			sourceTree = "<group>";
		};
		E04372A4286C4CF300B3A233 /* BaseViews */ = {
			isa = PBXGroup;
			children = (
				E04372A5286C4CF300B3A233 /* BaseTableViewCell.swift */,
				E04372A6286C4CF300B3A233 /* BaseCollectionViewCell.swift */,
				E04372A7286C4CF300B3A233 /* BaseView.swift */,
			);
			path = BaseViews;
			sourceTree = "<group>";
		};
		E04372B6286C4D6F00B3A233 /* Constants Manager */ = {
			isa = PBXGroup;
			children = (
				E04372B9286C4D6F00B3A233 /* App+DeviceConstants.swift */,
				E04372BA286C4D6F00B3A233 /* CollectionViewConstants.swift */,
				E04372BB286C4D6F00B3A233 /* Typealias.swift */,
				E04372BC286C4D6F00B3A233 /* GlobalConstants.swift */,
			);
			path = "Constants Manager";
			sourceTree = "<group>";
		};
		E04372C3286C4DD200B3A233 /* ExtensionViews */ = {
			isa = PBXGroup;
			children = (
				E04372CB286C4DD200B3A233 /* UICollectionViewExtensions.swift */,
				E04372D3286C4DD200B3A233 /* UINavigationControllerExtensions.swift */,
				E04372D9286C4DD200B3A233 /* UIImageViewExtensions.swift */,
				E0437312286C734D00B3A233 /* UIViewExtensions.swift */,
			);
			path = ExtensionViews;
			sourceTree = "<group>";
		};
		E04372F8286C50A500B3A233 /* LoadingManagers */ = {
			isa = PBXGroup;
			children = (
				E04372F9286C50BF00B3A233 /* SVProgressHUDManager.swift */,
			);
			path = LoadingManagers;
			sourceTree = "<group>";
		};
		E0437303286C672800B3A233 /* CollectionHeader */ = {
			isa = PBXGroup;
			children = (
				E0437305286C67ED00B3A233 /* CollectionHeaderCollectionReusableView.xib */,
				E0437304286C67ED00B3A233 /* CollectionHeaderCollectionReusableView.swift */,
			);
			path = CollectionHeader;
			sourceTree = "<group>";
		};
		E0437308286C6BD100B3A233 /* StockCell */ = {
			isa = PBXGroup;
			children = (
				E043730A286C6BE800B3A233 /* StockCollectionViewCell.xib */,
				E0437309286C6BE800B3A233 /* StockCollectionViewCell.swift */,
			);
			path = StockCell;
			sourceTree = "<group>";
		};
		E043730D286C710800B3A233 /* LatestNewsCell */ = {
			isa = PBXGroup;
			children = (
				E043730F286C712500B3A233 /* LatestNewsCollectionViewCell.xib */,
				E043730E286C712500B3A233 /* LatestNewsCollectionViewCell.swift */,
			);
			path = LatestNewsCell;
			sourceTree = "<group>";
		};
		E0437314286C740D00B3A233 /* Responses */ = {
			isa = PBXGroup;
			children = (
				E0437316286C741700B3A233 /* APIResponse.swift */,
				E0437315286C741700B3A233 /* Article.swift */,
				E0437317286C741700B3A233 /* Source.swift */,
			);
			path = Responses;
			sourceTree = "<group>";
		};
		E0437321286C7B2C00B3A233 /* MoreNewsCell */ = {
			isa = PBXGroup;
			children = (
				E0437323286C7B4400B3A233 /* MoreNewsCollectionViewCell.xib */,
				E0437322286C7B4400B3A233 /* MoreNewsCollectionViewCell.swift */,
			);
			path = MoreNewsCell;
			sourceTree = "<group>";
		};
/* End PBXGroup section */

/* Begin PBXNativeTarget section */
		E043721A286C45A700B3A233 /* Stock Tickers */ = {
			isa = PBXNativeTarget;
			buildConfigurationList = E043722F286C45A900B3A233 /* Build configuration list for PBXNativeTarget "Stock Tickers" */;
			buildPhases = (
				B8AF8E3F70AA9A98A266E2CB /* [CP] Check Pods Manifest.lock */,
				E0437217286C45A700B3A233 /* Sources */,
				E0437218286C45A700B3A233 /* Frameworks */,
				E0437219286C45A700B3A233 /* Resources */,
				625F80AF75D8CAF8F9B7ECD7 /* [CP] Embed Pods Frameworks */,
			);
			buildRules = (
			);
			dependencies = (
			);
			name = "Stock Tickers";
			productName = "Stock Tickers";
			productReference = E043721B286C45A700B3A233 /* Stock Tickers.app */;
			productType = "com.apple.product-type.application";
		};
/* End PBXNativeTarget section */

/* Begin PBXProject section */
		E0437213286C45A600B3A233 /* Project object */ = {
			isa = PBXProject;
			attributes = {
				BuildIndependentTargetsInParallel = 1;
				LastSwiftUpdateCheck = 1340;
				LastUpgradeCheck = 1340;
				TargetAttributes = {
					E043721A286C45A700B3A233 = {
						CreatedOnToolsVersion = 13.4.1;
					};
				};
			};
			buildConfigurationList = E0437216286C45A600B3A233 /* Build configuration list for PBXProject "Stock Tickers" */;
			compatibilityVersion = "Xcode 13.0";
			developmentRegion = en;
			hasScannedForEncodings = 0;
			knownRegions = (
				en,
				Base,
				"en-US",
			);
			mainGroup = E0437212286C45A600B3A233;
			productRefGroup = E043721C286C45A700B3A233 /* Products */;
			projectDirPath = "";
			projectRoot = "";
			targets = (
				E043721A286C45A700B3A233 /* Stock Tickers */,
			);
		};
/* End PBXProject section */

/* Begin PBXResourcesBuildPhase section */
		E0437219286C45A700B3A233 /* Resources */ = {
			isa = PBXResourcesBuildPhase;
			buildActionMask = 2147483647;
			files = (
				E0437311286C712500B3A233 /* LatestNewsCollectionViewCell.xib in Resources */,
				E043722B286C45A900B3A233 /* LaunchScreen.storyboard in Resources */,
				E0437228286C45A900B3A233 /* Assets.xcassets in Resources */,
				E0437307286C67ED00B3A233 /* CollectionHeaderCollectionReusableView.xib in Resources */,
				E0437325286C7B4500B3A233 /* MoreNewsCollectionViewCell.xib in Resources */,
				E043728F286C4C4200B3A233 /* HomeViewController.xib in Resources */,
				E043730C286C6BE800B3A233 /* StockCollectionViewCell.xib in Resources */,
			);
			runOnlyForDeploymentPostprocessing = 0;
		};
/* End PBXResourcesBuildPhase section */

/* Begin PBXShellScriptBuildPhase section */
		625F80AF75D8CAF8F9B7ECD7 /* [CP] Embed Pods Frameworks */ = {
			isa = PBXShellScriptBuildPhase;
			buildActionMask = 2147483647;
			files = (
			);
			inputFileListPaths = (
				"${PODS_ROOT}/Target Support Files/Pods-Stock Tickers/Pods-Stock Tickers-frameworks-${CONFIGURATION}-input-files.xcfilelist",
			);
			name = "[CP] Embed Pods Frameworks";
			outputFileListPaths = (
				"${PODS_ROOT}/Target Support Files/Pods-Stock Tickers/Pods-Stock Tickers-frameworks-${CONFIGURATION}-output-files.xcfilelist",
			);
			runOnlyForDeploymentPostprocessing = 0;
			shellPath = /bin/sh;
			shellScript = "\"${PODS_ROOT}/Target Support Files/Pods-Stock Tickers/Pods-Stock Tickers-frameworks.sh\"\n";
			showEnvVarsInLog = 0;
		};
		B8AF8E3F70AA9A98A266E2CB /* [CP] Check Pods Manifest.lock */ = {
			isa = PBXShellScriptBuildPhase;
			buildActionMask = 2147483647;
			files = (
			);
			inputFileListPaths = (
			);
			inputPaths = (
				"${PODS_PODFILE_DIR_PATH}/Podfile.lock",
				"${PODS_ROOT}/Manifest.lock",
			);
			name = "[CP] Check Pods Manifest.lock";
			outputFileListPaths = (
			);
			outputPaths = (
				"$(DERIVED_FILE_DIR)/Pods-Stock Tickers-checkManifestLockResult.txt",
			);
			runOnlyForDeploymentPostprocessing = 0;
			shellPath = /bin/sh;
			shellScript = "diff \"${PODS_PODFILE_DIR_PATH}/Podfile.lock\" \"${PODS_ROOT}/Manifest.lock\" > /dev/null\nif [ $? != 0 ] ; then\n    # print error to STDERR\n    echo \"error: The sandbox is not in sync with the Podfile.lock. Run 'pod install' or update your CocoaPods installation.\" >&2\n    exit 1\nfi\n# This output is used by Xcode 'outputs' to avoid re-running this script phase.\necho \"SUCCESS\" > \"${SCRIPT_OUTPUT_FILE_0}\"\n";
			showEnvVarsInLog = 0;
		};
/* End PBXShellScriptBuildPhase section */

/* Begin PBXSourcesBuildPhase section */
		E0437217286C45A700B3A233 /* Sources */ = {
			isa = PBXSourcesBuildPhase;
			buildActionMask = 2147483647;
			files = (
				E0437306286C67ED00B3A233 /* CollectionHeaderCollectionReusableView.swift in Sources */,
				E043723F286C47A200B3A233 /* APIRouter.swift in Sources */,
				E0437270286C498F00B3A233 /* ReachabilityManager.swift in Sources */,
				E0437278286C498F00B3A233 /* URLExtensions.swift in Sources */,
				E0437318286C741800B3A233 /* Article.swift in Sources */,
				E0437319286C741800B3A233 /* APIResponse.swift in Sources */,
				E043728C286C4C4200B3A233 /* HomeViewController.swift in Sources */,
				E043726A286C498F00B3A233 /* FloatExtensions.swift in Sources */,
				E04372B0286C4CF300B3A233 /* BaseViewController.swift in Sources */,
				E0437240286C47A200B3A233 /* BaseService.swift in Sources */,
				E0437277286C498F00B3A233 /* DoubleExtensions.swift in Sources */,
				E0437267286C498F00B3A233 /* CGFloatExtensions.swift in Sources */,
				E04372FE286C5D9600B3A233 /* StockTickersRepositoryImp.swift in Sources */,
				E0437269286C498F00B3A233 /* NotificationName.swift in Sources */,
				E04372E5286C4DD200B3A233 /* UICollectionViewExtensions.swift in Sources */,
				E0437272286C498F00B3A233 /* APIConfiguration.swift in Sources */,
				E043727A286C498F00B3A233 /* IntExtensions.swift in Sources */,
				E043731A286C741800B3A233 /* Source.swift in Sources */,
				E043728D286C4C4200B3A233 /* HomeProtocols.swift in Sources */,
				E043728B286C4C4200B3A233 /* HomeRouter.swift in Sources */,
				E04372A9286C4CF300B3A233 /* BaseRouter.swift in Sources */,
				E0437246286C47DC00B3A233 /* NetworkManager.swift in Sources */,
				E04372B3286C4CF300B3A233 /* BaseTableViewCell.swift in Sources */,
				E04372AD286C4CF300B3A233 /* BaseRouterPorotocol.swift in Sources */,
				E04372C0286C4D6F00B3A233 /* CollectionViewConstants.swift in Sources */,
				E0437313286C734D00B3A233 /* UIViewExtensions.swift in Sources */,
				E0437274286C498F00B3A233 /* APIClient.swift in Sources */,
				E043728E286C4C4200B3A233 /* HomeInteractor.swift in Sources */,
				E0437266286C498F00B3A233 /* URLQueryItemExtension.swift in Sources */,
				E0437310286C712500B3A233 /* LatestNewsCollectionViewCell.swift in Sources */,
				E04372AF286C4CF300B3A233 /* BaseCollectionViewController.swift in Sources */,
				E04372B4286C4CF300B3A233 /* BaseCollectionViewCell.swift in Sources */,
				E04372FC286C5C9100B3A233 /* StockTickersRepository.swift in Sources */,
				E04372BF286C4D6F00B3A233 /* App+DeviceConstants.swift in Sources */,
				E04372AA286C4CF300B3A233 /* MainAppRouter.swift in Sources */,
				E043726E286C498F00B3A233 /* TimeIntervalExtensions.swift in Sources */,
				E043721F286C45A700B3A233 /* AppDelegate.swift in Sources */,
				E04372ED286C4DD200B3A233 /* UINavigationControllerExtensions.swift in Sources */,
				E04372F3286C4DD200B3A233 /* UIImageViewExtensions.swift in Sources */,
				E043728A286C4C4200B3A233 /* HomePresenter.swift in Sources */,
				E043730B286C6BE800B3A233 /* StockCollectionViewCell.swift in Sources */,
				E0437320286C74CC00B3A233 /* NewsRemoteDataSource.swift in Sources */,
				E043727F286C4A5C00B3A233 /* LocalizationHelper.swift in Sources */,
				E04372FA286C50BF00B3A233 /* SVProgressHUDManager.swift in Sources */,
				E04372B2286C4CF300B3A233 /* BaseTabBarViewController.swift in Sources */,
				E043731C286C743500B3A233 /* NewsRepository.swift in Sources */,
				E043723E286C47A200B3A233 /* HeaderInterceptor.swift in Sources */,
				E04372C1286C4D6F00B3A233 /* Typealias.swift in Sources */,
				E0437279286C498F00B3A233 /* EncodableExtensions.swift in Sources */,
				E0437268286C498F00B3A233 /* ArrayExtensions.swift in Sources */,
				E0437273286C498F00B3A233 /* APIError.swift in Sources */,
				E04372AB286C4CF300B3A233 /* BaseInteractorProtocols.swift in Sources */,
				E043726F286C498F00B3A233 /* BoolExtensions.swift in Sources */,
				E0437280286C4A5C00B3A233 /* LocalizationSystem.swift in Sources */,
				E043726D286C498F00B3A233 /* StringExtensions.swift in Sources */,
				E04372B5286C4CF300B3A233 /* BaseView.swift in Sources */,
				E0437300286C5DB500B3A233 /* StockTickersRemoteDataSource.swift in Sources */,
				E0437302286C5F4000B3A233 /* HomeUseCase.swift in Sources */,
				E04372B1286C4CF300B3A233 /* BaseTableViewController.swift in Sources */,
				E04372AC286C4CF300B3A233 /* BasePresenterProtocol.swift in Sources */,
				E043727B286C498F00B3A233 /* DateExtensions.swift in Sources */,
				E04372C2286C4D6F00B3A233 /* GlobalConstants.swift in Sources */,
				E0437324286C7B4500B3A233 /* MoreNewsCollectionViewCell.swift in Sources */,
				E0437271286C498F00B3A233 /* Reachability.swift in Sources */,
				E0437289286C4C4200B3A233 /* HomeViewController+Delegates.swift in Sources */,
				E0437275286C498F00B3A233 /* FileDownloader.swift in Sources */,
				E043726C286C498F00B3A233 /* DataExtensions.swift in Sources */,
				E0437221286C45A700B3A233 /* SceneDelegate.swift in Sources */,
				E043731E286C744B00B3A233 /* NewsRepositoryImp.swift in Sources */,
				E04372AE286C4CF300B3A233 /* BaseViewProtocol.swift in Sources */,
				E04372A8286C4CF300B3A233 /* BasePresenter.swift in Sources */,
				E043726B286C498F00B3A233 /* DictionaryExtensions.swift in Sources */,
				E0437276286C498F00B3A233 /* NetworkConstants.swift in Sources */,
			);
			runOnlyForDeploymentPostprocessing = 0;
		};
/* End PBXSourcesBuildPhase section */

/* Begin PBXVariantGroup section */
		E0437229286C45A900B3A233 /* LaunchScreen.storyboard */ = {
			isa = PBXVariantGroup;
			children = (
				E043722A286C45A900B3A233 /* Base */,
				E0437326286C7FE100B3A233 /* en-US */,
			);
			name = LaunchScreen.storyboard;
			sourceTree = "<group>";
		};
/* End PBXVariantGroup section */

/* Begin XCBuildConfiguration section */
		E043722D286C45A900B3A233 /* Debug */ = {
			isa = XCBuildConfiguration;
			buildSettings = {
				ALWAYS_SEARCH_USER_PATHS = NO;
				CLANG_ANALYZER_LOCALIZABILITY_NONLOCALIZED = YES;
				CLANG_ANALYZER_NONNULL = YES;
				CLANG_ANALYZER_NUMBER_OBJECT_CONVERSION = YES_AGGRESSIVE;
				CLANG_CXX_LANGUAGE_STANDARD = "gnu++17";
				CLANG_ENABLE_MODULES = YES;
				CLANG_ENABLE_OBJC_ARC = YES;
				CLANG_ENABLE_OBJC_WEAK = YES;
				CLANG_WARN_BLOCK_CAPTURE_AUTORELEASING = YES;
				CLANG_WARN_BOOL_CONVERSION = YES;
				CLANG_WARN_COMMA = YES;
				CLANG_WARN_CONSTANT_CONVERSION = YES;
				CLANG_WARN_DEPRECATED_OBJC_IMPLEMENTATIONS = YES;
				CLANG_WARN_DIRECT_OBJC_ISA_USAGE = YES_ERROR;
				CLANG_WARN_DOCUMENTATION_COMMENTS = YES;
				CLANG_WARN_EMPTY_BODY = YES;
				CLANG_WARN_ENUM_CONVERSION = YES;
				CLANG_WARN_INFINITE_RECURSION = YES;
				CLANG_WARN_INT_CONVERSION = YES;
				CLANG_WARN_NON_LITERAL_NULL_CONVERSION = YES;
				CLANG_WARN_OBJC_IMPLICIT_RETAIN_SELF = YES;
				CLANG_WARN_OBJC_LITERAL_CONVERSION = YES;
				CLANG_WARN_OBJC_ROOT_CLASS = YES_ERROR;
				CLANG_WARN_QUOTED_INCLUDE_IN_FRAMEWORK_HEADER = YES;
				CLANG_WARN_RANGE_LOOP_ANALYSIS = YES;
				CLANG_WARN_STRICT_PROTOTYPES = YES;
				CLANG_WARN_SUSPICIOUS_MOVE = YES;
				CLANG_WARN_UNGUARDED_AVAILABILITY = YES_AGGRESSIVE;
				CLANG_WARN_UNREACHABLE_CODE = YES;
				CLANG_WARN__DUPLICATE_METHOD_MATCH = YES;
				COPY_PHASE_STRIP = NO;
				DEBUG_INFORMATION_FORMAT = dwarf;
				ENABLE_STRICT_OBJC_MSGSEND = YES;
				ENABLE_TESTABILITY = YES;
				GCC_C_LANGUAGE_STANDARD = gnu11;
				GCC_DYNAMIC_NO_PIC = NO;
				GCC_NO_COMMON_BLOCKS = YES;
				GCC_OPTIMIZATION_LEVEL = 0;
				GCC_PREPROCESSOR_DEFINITIONS = (
					"DEBUG=1",
					"$(inherited)",
				);
				GCC_WARN_64_TO_32_BIT_CONVERSION = YES;
				GCC_WARN_ABOUT_RETURN_TYPE = YES_ERROR;
				GCC_WARN_UNDECLARED_SELECTOR = YES;
				GCC_WARN_UNINITIALIZED_AUTOS = YES_AGGRESSIVE;
				GCC_WARN_UNUSED_FUNCTION = YES;
				GCC_WARN_UNUSED_VARIABLE = YES;
				IPHONEOS_DEPLOYMENT_TARGET = 15.5;
				MTL_ENABLE_DEBUG_INFO = INCLUDE_SOURCE;
				MTL_FAST_MATH = YES;
				ONLY_ACTIVE_ARCH = YES;
				SDKROOT = iphoneos;
				SWIFT_ACTIVE_COMPILATION_CONDITIONS = DEBUG;
				SWIFT_OPTIMIZATION_LEVEL = "-Onone";
			};
			name = Debug;
		};
		E043722E286C45A900B3A233 /* Release */ = {
			isa = XCBuildConfiguration;
			buildSettings = {
				ALWAYS_SEARCH_USER_PATHS = NO;
				CLANG_ANALYZER_LOCALIZABILITY_NONLOCALIZED = YES;
				CLANG_ANALYZER_NONNULL = YES;
				CLANG_ANALYZER_NUMBER_OBJECT_CONVERSION = YES_AGGRESSIVE;
				CLANG_CXX_LANGUAGE_STANDARD = "gnu++17";
				CLANG_ENABLE_MODULES = YES;
				CLANG_ENABLE_OBJC_ARC = YES;
				CLANG_ENABLE_OBJC_WEAK = YES;
				CLANG_WARN_BLOCK_CAPTURE_AUTORELEASING = YES;
				CLANG_WARN_BOOL_CONVERSION = YES;
				CLANG_WARN_COMMA = YES;
				CLANG_WARN_CONSTANT_CONVERSION = YES;
				CLANG_WARN_DEPRECATED_OBJC_IMPLEMENTATIONS = YES;
				CLANG_WARN_DIRECT_OBJC_ISA_USAGE = YES_ERROR;
				CLANG_WARN_DOCUMENTATION_COMMENTS = YES;
				CLANG_WARN_EMPTY_BODY = YES;
				CLANG_WARN_ENUM_CONVERSION = YES;
				CLANG_WARN_INFINITE_RECURSION = YES;
				CLANG_WARN_INT_CONVERSION = YES;
				CLANG_WARN_NON_LITERAL_NULL_CONVERSION = YES;
				CLANG_WARN_OBJC_IMPLICIT_RETAIN_SELF = YES;
				CLANG_WARN_OBJC_LITERAL_CONVERSION = YES;
				CLANG_WARN_OBJC_ROOT_CLASS = YES_ERROR;
				CLANG_WARN_QUOTED_INCLUDE_IN_FRAMEWORK_HEADER = YES;
				CLANG_WARN_RANGE_LOOP_ANALYSIS = YES;
				CLANG_WARN_STRICT_PROTOTYPES = YES;
				CLANG_WARN_SUSPICIOUS_MOVE = YES;
				CLANG_WARN_UNGUARDED_AVAILABILITY = YES_AGGRESSIVE;
				CLANG_WARN_UNREACHABLE_CODE = YES;
				CLANG_WARN__DUPLICATE_METHOD_MATCH = YES;
				COPY_PHASE_STRIP = NO;
				DEBUG_INFORMATION_FORMAT = "dwarf-with-dsym";
				ENABLE_NS_ASSERTIONS = NO;
				ENABLE_STRICT_OBJC_MSGSEND = YES;
				GCC_C_LANGUAGE_STANDARD = gnu11;
				GCC_NO_COMMON_BLOCKS = YES;
				GCC_WARN_64_TO_32_BIT_CONVERSION = YES;
				GCC_WARN_ABOUT_RETURN_TYPE = YES_ERROR;
				GCC_WARN_UNDECLARED_SELECTOR = YES;
				GCC_WARN_UNINITIALIZED_AUTOS = YES_AGGRESSIVE;
				GCC_WARN_UNUSED_FUNCTION = YES;
				GCC_WARN_UNUSED_VARIABLE = YES;
				IPHONEOS_DEPLOYMENT_TARGET = 15.5;
				MTL_ENABLE_DEBUG_INFO = NO;
				MTL_FAST_MATH = YES;
				SDKROOT = iphoneos;
				SWIFT_COMPILATION_MODE = wholemodule;
				SWIFT_OPTIMIZATION_LEVEL = "-O";
				VALIDATE_PRODUCT = YES;
			};
			name = Release;
		};
		E0437230286C45A900B3A233 /* Debug */ = {
			isa = XCBuildConfiguration;
			baseConfigurationReference = 46F5A17EB4AB61C60829A25A /* Pods-Stock Tickers.debug.xcconfig */;
			buildSettings = {
				ASSETCATALOG_COMPILER_APPICON_NAME = AppIcon;
				ASSETCATALOG_COMPILER_GLOBAL_ACCENT_COLOR_NAME = AccentColor;
				CODE_SIGN_STYLE = Automatic;
				CURRENT_PROJECT_VERSION = 1;
				DEVELOPMENT_TEAM = 7V9A3KLB32;
				GENERATE_INFOPLIST_FILE = YES;
				INFOPLIST_FILE = "Stock Tickers/Configuration/Info.plist";
				INFOPLIST_KEY_UIApplicationSupportsIndirectInputEvents = YES;
				INFOPLIST_KEY_UILaunchStoryboardName = LaunchScreen;
				INFOPLIST_KEY_UISupportedInterfaceOrientations_iPad = "UIInterfaceOrientationPortrait UIInterfaceOrientationPortraitUpsideDown UIInterfaceOrientationLandscapeLeft UIInterfaceOrientationLandscapeRight";
				INFOPLIST_KEY_UISupportedInterfaceOrientations_iPhone = "UIInterfaceOrientationPortrait UIInterfaceOrientationLandscapeLeft UIInterfaceOrientationLandscapeRight";
				LD_RUNPATH_SEARCH_PATHS = (
					"$(inherited)",
					"@executable_path/Frameworks",
				);
				MARKETING_VERSION = 1.0;
				PRODUCT_BUNDLE_IDENTIFIER = "com.peter-bassem.Stock-Tickers";
				PRODUCT_NAME = "$(TARGET_NAME)";
				SWIFT_EMIT_LOC_STRINGS = YES;
				SWIFT_VERSION = 5.0;
				TARGETED_DEVICE_FAMILY = "1,2";
			};
			name = Debug;
		};
		E0437231286C45A900B3A233 /* Release */ = {
			isa = XCBuildConfiguration;
			baseConfigurationReference = F335ECC4764E5CB97002DB5F /* Pods-Stock Tickers.release.xcconfig */;
			buildSettings = {
				ASSETCATALOG_COMPILER_APPICON_NAME = AppIcon;
				ASSETCATALOG_COMPILER_GLOBAL_ACCENT_COLOR_NAME = AccentColor;
				CODE_SIGN_STYLE = Automatic;
				CURRENT_PROJECT_VERSION = 1;
				DEVELOPMENT_TEAM = 7V9A3KLB32;
				GENERATE_INFOPLIST_FILE = YES;
				INFOPLIST_FILE = "Stock Tickers/Configuration/Info.plist";
				INFOPLIST_KEY_UIApplicationSupportsIndirectInputEvents = YES;
				INFOPLIST_KEY_UILaunchStoryboardName = LaunchScreen;
				INFOPLIST_KEY_UISupportedInterfaceOrientations_iPad = "UIInterfaceOrientationPortrait UIInterfaceOrientationPortraitUpsideDown UIInterfaceOrientationLandscapeLeft UIInterfaceOrientationLandscapeRight";
				INFOPLIST_KEY_UISupportedInterfaceOrientations_iPhone = "UIInterfaceOrientationPortrait UIInterfaceOrientationLandscapeLeft UIInterfaceOrientationLandscapeRight";
				LD_RUNPATH_SEARCH_PATHS = (
					"$(inherited)",
					"@executable_path/Frameworks",
				);
				MARKETING_VERSION = 1.0;
				PRODUCT_BUNDLE_IDENTIFIER = "com.peter-bassem.Stock-Tickers";
				PRODUCT_NAME = "$(TARGET_NAME)";
				SWIFT_EMIT_LOC_STRINGS = YES;
				SWIFT_VERSION = 5.0;
				TARGETED_DEVICE_FAMILY = "1,2";
			};
			name = Release;
		};
/* End XCBuildConfiguration section */

/* Begin XCConfigurationList section */
		E0437216286C45A600B3A233 /* Build configuration list for PBXProject "Stock Tickers" */ = {
			isa = XCConfigurationList;
			buildConfigurations = (
				E043722D286C45A900B3A233 /* Debug */,
				E043722E286C45A900B3A233 /* Release */,
			);
			defaultConfigurationIsVisible = 0;
			defaultConfigurationName = Release;
		};
		E043722F286C45A900B3A233 /* Build configuration list for PBXNativeTarget "Stock Tickers" */ = {
			isa = XCConfigurationList;
			buildConfigurations = (
				E0437230286C45A900B3A233 /* Debug */,
				E0437231286C45A900B3A233 /* Release */,
			);
			defaultConfigurationIsVisible = 0;
			defaultConfigurationName = Release;
		};
/* End XCConfigurationList section */
	};
	rootObject = E0437213286C45A600B3A233 /* Project object */;
}
